
Microsoft Visual Studio Solution File, Format Version 12.00
# Visual Studio Version 16
VisualStudioVersion = 16.0.30320.27
MinimumVisualStudioVersion = 10.0.40219.1
Project("{FAE04EC0-301F-11D3-BF4B-00C04F79EFBC}") = "TestFiles3", "TestFiles3\TestFiles3.csproj", "{2F70AEE6-6CE8-4FD3-AAC1-277F09330764}"
EndProject
Global
	GlobalSection(SolutionConfigurationPlatforms) = preSolution
		Debug|Any CPU = Debug|Any CPU
		Release|Any CPU = Release|Any CPU
	EndGlobalSection
	GlobalSection(ProjectConfigurationPlatforms) = postSolution
		{2F70AEE6-6CE8-4FD3-AAC1-277F09330764}.Debug|Any CPU.ActiveCfg = Debug|Any CPU
		{2F70AEE6-6CE8-4FD3-AAC1-277F09330764}.Debug|Any CPU.Build.0 = Debug|Any CPU
		{2F70AEE6-6CE8-4FD3-AAC1-277F09330764}.Release|Any CPU.ActiveCfg = Release|Any CPU
		{2F70AEE6-6CE8-4FD3-AAC1-277F09330764}.Release|Any CPU.Build.0 = Release|Any CPU
	EndGlobalSection
	GlobalSection(SolutionProperties) = preSolution
		HideSolutionNode = FALSE
	EndGlobalSection
	GlobalSection(ExtensibilityGlobals) = postSolution
		SolutionGuid = {5988CBE9-6EB0-4E17-B2F1-BAA9DA2013AB}
	EndGlobalSection
EndGlobal
